// !$*UTF8*$!
{
	archiveVersion = 1;
	classes = {
	};
	objectVersion = 56;
	objects = {

/* Begin PBXBuildFile section */
		910054212AB739ED004457E2 /* KalmAppFrontApp.swift in Sources */ = {isa = PBXBuildFile; fileRef = 910054202AB739ED004457E2 /* KalmAppFrontApp.swift */; };
		910054252AB739EE004457E2 /* Assets.xcassets in Resources */ = {isa = PBXBuildFile; fileRef = 910054242AB739EE004457E2 /* Assets.xcassets */; };
		910054282AB739EE004457E2 /* Preview Assets.xcassets in Resources */ = {isa = PBXBuildFile; fileRef = 910054272AB739EE004457E2 /* Preview Assets.xcassets */; };
		9100542F2AB73A36004457E2 /* Word.swift in Sources */ = {isa = PBXBuildFile; fileRef = 9100542E2AB73A36004457E2 /* Word.swift */; };
		910054322AB73B3B004457E2 /* NetworkService.swift in Sources */ = {isa = PBXBuildFile; fileRef = 910054312AB73B3B004457E2 /* NetworkService.swift */; };
		910054362AB7606D004457E2 /* LessonList.swift in Sources */ = {isa = PBXBuildFile; fileRef = 910054352AB7606D004457E2 /* LessonList.swift */; };
		910054382AB760AE004457E2 /* LessonCell.swift in Sources */ = {isa = PBXBuildFile; fileRef = 910054372AB760AE004457E2 /* LessonCell.swift */; };
		9100543A2AB7724A004457E2 /* ModelData.swift in Sources */ = {isa = PBXBuildFile; fileRef = 910054392AB7724A004457E2 /* ModelData.swift */; };
/* End PBXBuildFile section */

/* Begin PBXFileReference section */
		9100541D2AB739ED004457E2 /* KalmAppFront.app */ = {isa = PBXFileReference; explicitFileType = wrapper.application; includeInIndex = 0; path = KalmAppFront.app; sourceTree = BUILT_PRODUCTS_DIR; };
		910054202AB739ED004457E2 /* KalmAppFrontApp.swift */ = {isa = PBXFileReference; lastKnownFileType = sourcecode.swift; path = KalmAppFrontApp.swift; sourceTree = "<group>"; };
		910054242AB739EE004457E2 /* Assets.xcassets */ = {isa = PBXFileReference; lastKnownFileType = folder.assetcatalog; path = Assets.xcassets; sourceTree = "<group>"; };
		910054272AB739EE004457E2 /* Preview Assets.xcassets */ = {isa = PBXFileReference; lastKnownFileType = folder.assetcatalog; path = "Preview Assets.xcassets"; sourceTree = "<group>"; };
		9100542E2AB73A36004457E2 /* Word.swift */ = {isa = PBXFileReference; lastKnownFileType = sourcecode.swift; path = Word.swift; sourceTree = "<group>"; };
		910054312AB73B3B004457E2 /* NetworkService.swift */ = {isa = PBXFileReference; lastKnownFileType = sourcecode.swift; path = NetworkService.swift; sourceTree = "<group>"; };
		910054352AB7606D004457E2 /* LessonList.swift */ = {isa = PBXFileReference; lastKnownFileType = sourcecode.swift; path = LessonList.swift; sourceTree = "<group>"; };
		910054372AB760AE004457E2 /* LessonCell.swift */ = {isa = PBXFileReference; lastKnownFileType = sourcecode.swift; path = LessonCell.swift; sourceTree = "<group>"; };
		910054392AB7724A004457E2 /* ModelData.swift */ = {isa = PBXFileReference; lastKnownFileType = sourcecode.swift; path = ModelData.swift; sourceTree = "<group>"; };
/* End PBXFileReference section */

/* Begin PBXFrameworksBuildPhase section */
		9100541A2AB739ED004457E2 /* Frameworks */ = {
			isa = PBXFrameworksBuildPhase;
			buildActionMask = 2147483647;
			files = (
			);
			runOnlyForDeploymentPostprocessing = 0;
		};
/* End PBXFrameworksBuildPhase section */

/* Begin PBXGroup section */
		910054142AB739ED004457E2 = {
			isa = PBXGroup;
			children = (
				9100541F2AB739ED004457E2 /* KalmAppFront */,
				9100541E2AB739ED004457E2 /* Products */,
			);
			sourceTree = "<group>";
		};
		9100541E2AB739ED004457E2 /* Products */ = {
			isa = PBXGroup;
			children = (
				9100541D2AB739ED004457E2 /* KalmAppFront.app */,
			);
			name = Products;
			sourceTree = "<group>";
		};
		9100541F2AB739ED004457E2 /* KalmAppFront */ = {
			isa = PBXGroup;
			children = (
				910054342AB76050004457E2 /* Views */,
				910054202AB739ED004457E2 /* KalmAppFrontApp.swift */,
				910054242AB739EE004457E2 /* Assets.xcassets */,
				910054262AB739EE004457E2 /* Preview Content */,
				910054302AB73A39004457E2 /* Model */,
				910054332AB73B42004457E2 /* Service */,
			);
			path = KalmAppFront;
			sourceTree = "<group>";
		};
		910054262AB739EE004457E2 /* Preview Content */ = {
			isa = PBXGroup;
			children = (
				910054272AB739EE004457E2 /* Preview Assets.xcassets */,
			);
			path = "Preview Content";
			sourceTree = "<group>";
		};
		910054302AB73A39004457E2 /* Model */ = {
			isa = PBXGroup;
			children = (
				9100542E2AB73A36004457E2 /* Word.swift */,
				910054392AB7724A004457E2 /* ModelData.swift */,
			);
			path = Model;
			sourceTree = "<group>";
		};
		910054332AB73B42004457E2 /* Service */ = {
			isa = PBXGroup;
			children = (
				910054312AB73B3B004457E2 /* NetworkService.swift */,
			);
			path = Service;
			sourceTree = "<group>";
		};
		910054342AB76050004457E2 /* Views */ = {
			isa = PBXGroup;
			children = (
				910054352AB7606D004457E2 /* LessonList.swift */,
				910054372AB760AE004457E2 /* LessonCell.swift */,
			);
			path = Views;
			sourceTree = "<group>";
		};
/* End PBXGroup section */

/* Begin PBXNativeTarget section */
		9100541C2AB739ED004457E2 /* KalmAppFront */ = {
			isa = PBXNativeTarget;
			buildConfigurationList = 9100542B2AB739EE004457E2 /* Build configuration list for PBXNativeTarget "KalmAppFront" */;
			buildPhases = (
				910054192AB739ED004457E2 /* Sources */,
				9100541A2AB739ED004457E2 /* Frameworks */,
				9100541B2AB739ED004457E2 /* Resources */,
			);
			buildRules = (
			);
			dependencies = (
			);
			name = KalmAppFront;
			productName = KalmAppFront;
			productReference = 9100541D2AB739ED004457E2 /* KalmAppFront.app */;
			productType = "com.apple.product-type.application";
		};
/* End PBXNativeTarget section */

/* Begin PBXProject section */
		910054152AB739ED004457E2 /* Project object */ = {
			isa = PBXProject;
			attributes = {
				BuildIndependentTargetsInParallel = 1;
				LastSwiftUpdateCheck = 1430;
				LastUpgradeCheck = 1430;
				TargetAttributes = {
					9100541C2AB739ED004457E2 = {
						CreatedOnToolsVersion = 14.3.1;
					};
				};
			};
			buildConfigurationList = 910054182AB739ED004457E2 /* Build configuration list for PBXProject "KalmAppFront" */;
			compatibilityVersion = "Xcode 14.0";
			developmentRegion = en;
			hasScannedForEncodings = 0;
			knownRegions = (
				en,
				Base,
			);
			mainGroup = 910054142AB739ED004457E2;
			productRefGroup = 9100541E2AB739ED004457E2 /* Products */;
			projectDirPath = "";
			projectRoot = "";
			targets = (
				9100541C2AB739ED004457E2 /* KalmAppFront */,
			);
		};
/* End PBXProject section */

/* Begin PBXResourcesBuildPhase section */
		9100541B2AB739ED004457E2 /* Resources */ = {
			isa = PBXResourcesBuildPhase;
			buildActionMask = 2147483647;
			files = (
				910054282AB739EE004457E2 /* Preview Assets.xcassets in Resources */,
				910054252AB739EE004457E2 /* Assets.xcassets in Resources */,
			);
			runOnlyForDeploymentPostprocessing = 0;
		};
/* End PBXResourcesBuildPhase section */

/* Begin PBXSourcesBuildPhase section */
		910054192AB739ED004457E2 /* Sources */ = {
			isa = PBXSourcesBuildPhase;
			buildActionMask = 2147483647;
			files = (
				910054362AB7606D004457E2 /* LessonList.swift in Sources */,
				910054382AB760AE004457E2 /* LessonCell.swift in Sources */,
				910054212AB739ED004457E2 /* KalmAppFrontApp.swift in Sources */,
				910054322AB73B3B004457E2 /* NetworkService.swift in Sources */,
				9100542F2AB73A36004457E2 /* Word.swift in Sources */,
				9100543A2AB7724A004457E2 /* ModelData.swift in Sources */,
			);
			runOnlyForDeploymentPostprocessing = 0;
		};
/* End PBXSourcesBuildPhase section */

/* Begin XCBuildConfiguration section */
		910054292AB739EE004457E2 /* Debug */ = {
			isa = XCBuildConfiguration;
			buildSettings = {
				ALWAYS_SEARCH_USER_PATHS = NO;
				CLANG_ANALYZER_NONNULL = YES;
				CLANG_ANALYZER_NUMBER_OBJECT_CONVERSION = YES_AGGRESSIVE;
				CLANG_CXX_LANGUAGE_STANDARD = "gnu++20";
				CLANG_ENABLE_MODULES = YES;
				CLANG_ENABLE_OBJC_ARC = YES;
				CLANG_ENABLE_OBJC_WEAK = YES;
				CLANG_WARN_BLOCK_CAPTURE_AUTORELEASING = YES;
				CLANG_WARN_BOOL_CONVERSION = YES;
				CLANG_WARN_COMMA = YES;
				CLANG_WARN_CONSTANT_CONVERSION = YES;
				CLANG_WARN_DEPRECATED_OBJC_IMPLEMENTATIONS = YES;
				CLANG_WARN_DIRECT_OBJC_ISA_USAGE = YES_ERROR;
				CLANG_WARN_DOCUMENTATION_COMMENTS = YES;
				CLANG_WARN_EMPTY_BODY = YES;
				CLANG_WARN_ENUM_CONVERSION = YES;
				CLANG_WARN_INFINITE_RECURSION = YES;
				CLANG_WARN_INT_CONVERSION = YES;
				CLANG_WARN_NON_LITERAL_NULL_CONVERSION = YES;
				CLANG_WARN_OBJC_IMPLICIT_RETAIN_SELF = YES;
				CLANG_WARN_OBJC_LITERAL_CONVERSION = YES;
				CLANG_WARN_OBJC_ROOT_CLASS = YES_ERROR;
				CLANG_WARN_QUOTED_INCLUDE_IN_FRAMEWORK_HEADER = YES;
				CLANG_WARN_RANGE_LOOP_ANALYSIS = YES;
				CLANG_WARN_STRICT_PROTOTYPES = YES;
				CLANG_WARN_SUSPICIOUS_MOVE = YES;
				CLANG_WARN_UNGUARDED_AVAILABILITY = YES_AGGRESSIVE;
				CLANG_WARN_UNREACHABLE_CODE = YES;
				CLANG_WARN__DUPLICATE_METHOD_MATCH = YES;
				COPY_PHASE_STRIP = NO;
				DEBUG_INFORMATION_FORMAT = dwarf;
				ENABLE_STRICT_OBJC_MSGSEND = YES;
				ENABLE_TESTABILITY = YES;
				GCC_C_LANGUAGE_STANDARD = gnu11;
				GCC_DYNAMIC_NO_PIC = NO;
				GCC_NO_COMMON_BLOCKS = YES;
				GCC_OPTIMIZATION_LEVEL = 0;
				GCC_PREPROCESSOR_DEFINITIONS = (
					"DEBUG=1",
					"$(inherited)",
				);
				GCC_WARN_64_TO_32_BIT_CONVERSION = YES;
				GCC_WARN_ABOUT_RETURN_TYPE = YES_ERROR;
				GCC_WARN_UNDECLARED_SELECTOR = YES;
				GCC_WARN_UNINITIALIZED_AUTOS = YES_AGGRESSIVE;
				GCC_WARN_UNUSED_FUNCTION = YES;
				GCC_WARN_UNUSED_VARIABLE = YES;
				IPHONEOS_DEPLOYMENT_TARGET = 16.4;
				MTL_ENABLE_DEBUG_INFO = INCLUDE_SOURCE;
				MTL_FAST_MATH = YES;
				ONLY_ACTIVE_ARCH = YES;
				SDKROOT = iphoneos;
				SWIFT_ACTIVE_COMPILATION_CONDITIONS = DEBUG;
				SWIFT_OPTIMIZATION_LEVEL = "-Onone";
			};
			name = Debug;
		};
		9100542A2AB739EE004457E2 /* Release */ = {
			isa = XCBuildConfiguration;
			buildSettings = {
				ALWAYS_SEARCH_USER_PATHS = NO;
				CLANG_ANALYZER_NONNULL = YES;
				CLANG_ANALYZER_NUMBER_OBJECT_CONVERSION = YES_AGGRESSIVE;
				CLANG_CXX_LANGUAGE_STANDARD = "gnu++20";
				CLANG_ENABLE_MODULES = YES;
				CLANG_ENABLE_OBJC_ARC = YES;
				CLANG_ENABLE_OBJC_WEAK = YES;
				CLANG_WARN_BLOCK_CAPTURE_AUTORELEASING = YES;
				CLANG_WARN_BOOL_CONVERSION = YES;
				CLANG_WARN_COMMA = YES;
				CLANG_WARN_CONSTANT_CONVERSION = YES;
				CLANG_WARN_DEPRECATED_OBJC_IMPLEMENTATIONS = YES;
				CLANG_WARN_DIRECT_OBJC_ISA_USAGE = YES_ERROR;
				CLANG_WARN_DOCUMENTATION_COMMENTS = YES;
				CLANG_WARN_EMPTY_BODY = YES;
				CLANG_WARN_ENUM_CONVERSION = YES;
				CLANG_WARN_INFINITE_RECURSION = YES;
				CLANG_WARN_INT_CONVERSION = YES;
				CLANG_WARN_NON_LITERAL_NULL_CONVERSION = YES;
				CLANG_WARN_OBJC_IMPLICIT_RETAIN_SELF = YES;
				CLANG_WARN_OBJC_LITERAL_CONVERSION = YES;
				CLANG_WARN_OBJC_ROOT_CLASS = YES_ERROR;
				CLANG_WARN_QUOTED_INCLUDE_IN_FRAMEWORK_HEADER = YES;
				CLANG_WARN_RANGE_LOOP_ANALYSIS = YES;
				CLANG_WARN_STRICT_PROTOTYPES = YES;
				CLANG_WARN_SUSPICIOUS_MOVE = YES;
				CLANG_WARN_UNGUARDED_AVAILABILITY = YES_AGGRESSIVE;
				CLANG_WARN_UNREACHABLE_CODE = YES;
				CLANG_WARN__DUPLICATE_METHOD_MATCH = YES;
				COPY_PHASE_STRIP = NO;
				DEBUG_INFORMATION_FORMAT = "dwarf-with-dsym";
				ENABLE_NS_ASSERTIONS = NO;
				ENABLE_STRICT_OBJC_MSGSEND = YES;
				GCC_C_LANGUAGE_STANDARD = gnu11;
				GCC_NO_COMMON_BLOCKS = YES;
				GCC_WARN_64_TO_32_BIT_CONVERSION = YES;
				GCC_WARN_ABOUT_RETURN_TYPE = YES_ERROR;
				GCC_WARN_UNDECLARED_SELECTOR = YES;
				GCC_WARN_UNINITIALIZED_AUTOS = YES_AGGRESSIVE;
				GCC_WARN_UNUSED_FUNCTION = YES;
				GCC_WARN_UNUSED_VARIABLE = YES;
				IPHONEOS_DEPLOYMENT_TARGET = 16.4;
				MTL_ENABLE_DEBUG_INFO = NO;
				MTL_FAST_MATH = YES;
				SDKROOT = iphoneos;
				SWIFT_COMPILATION_MODE = wholemodule;
				SWIFT_OPTIMIZATION_LEVEL = "-O";
				VALIDATE_PRODUCT = YES;
			};
			name = Release;
		};
		9100542C2AB739EE004457E2 /* Debug */ = {
			isa = XCBuildConfiguration;
			buildSettings = {
				ASSETCATALOG_COMPILER_APPICON_NAME = AppIcon;
				ASSETCATALOG_COMPILER_GLOBAL_ACCENT_COLOR_NAME = AccentColor;
				CODE_SIGN_STYLE = Automatic;
				CURRENT_PROJECT_VERSION = 1;
				DEVELOPMENT_ASSET_PATHS = "\"KalmAppFront/Preview Content\"";
				DEVELOPMENT_TEAM = WBHY7566J5;
				ENABLE_PREVIEWS = YES;
				GENERATE_INFOPLIST_FILE = YES;
				INFOPLIST_KEY_CFBundleDisplayName = KalmApp;
				INFOPLIST_KEY_UIApplicationSceneManifest_Generation = YES;
				INFOPLIST_KEY_UIApplicationSupportsIndirectInputEvents = YES;
				INFOPLIST_KEY_UILaunchScreen_Generation = YES;
				INFOPLIST_KEY_UISupportedInterfaceOrientations_iPad = "UIInterfaceOrientationPortrait UIInterfaceOrientationPortraitUpsideDown UIInterfaceOrientationLandscapeLeft UIInterfaceOrientationLandscapeRight";
				INFOPLIST_KEY_UISupportedInterfaceOrientations_iPhone = "UIInterfaceOrientationPortrait UIInterfaceOrientationLandscapeLeft UIInterfaceOrientationLandscapeRight";
				LD_RUNPATH_SEARCH_PATHS = (
					"$(inherited)",
					"@executable_path/Frameworks",
				);
				MARKETING_VERSION = 1.0;
				PRODUCT_BUNDLE_IDENTIFIER = "-.KalmAppFront";
				PRODUCT_NAME = "$(TARGET_NAME)";
				SWIFT_EMIT_LOC_STRINGS = YES;
				SWIFT_VERSION = 5.0;
				TARGETED_DEVICE_FAMILY = "1,2";
			};
			name = Debug;
		};
		9100542D2AB739EE004457E2 /* Release */ = {
			isa = XCBuildConfiguration;
			buildSettings = {
				ASSETCATALOG_COMPILER_APPICON_NAME = AppIcon;
				ASSETCATALOG_COMPILER_GLOBAL_ACCENT_COLOR_NAME = AccentColor;
				CODE_SIGN_STYLE = Automatic;
				CURRENT_PROJECT_VERSION = 1;
				DEVELOPMENT_ASSET_PATHS = "\"KalmAppFront/Preview Content\"";
				DEVELOPMENT_TEAM = WBHY7566J5;
				ENABLE_PREVIEWS = YES;
				GENERATE_INFOPLIST_FILE = YES;
				INFOPLIST_KEY_CFBundleDisplayName = KalmApp;
				INFOPLIST_KEY_UIApplicationSceneManifest_Generation = YES;
				INFOPLIST_KEY_UIApplicationSupportsIndirectInputEvents = YES;
				INFOPLIST_KEY_UILaunchScreen_Generation = YES;
				INFOPLIST_KEY_UISupportedInterfaceOrientations_iPad = "UIInterfaceOrientationPortrait UIInterfaceOrientationPortraitUpsideDown UIInterfaceOrientationLandscapeLeft UIInterfaceOrientationLandscapeRight";
				INFOPLIST_KEY_UISupportedInterfaceOrientations_iPhone = "UIInterfaceOrientationPortrait UIInterfaceOrientationLandscapeLeft UIInterfaceOrientationLandscapeRight";
				LD_RUNPATH_SEARCH_PATHS = (
					"$(inherited)",
					"@executable_path/Frameworks",
				);
				MARKETING_VERSION = 1.0;
				PRODUCT_BUNDLE_IDENTIFIER = "-.KalmAppFront";
				PRODUCT_NAME = "$(TARGET_NAME)";
				SWIFT_EMIT_LOC_STRINGS = YES;
				SWIFT_VERSION = 5.0;
				TARGETED_DEVICE_FAMILY = "1,2";
			};
			name = Release;
		};
/* End XCBuildConfiguration section */

/* Begin XCConfigurationList section */
		910054182AB739ED004457E2 /* Build configuration list for PBXProject "KalmAppFront" */ = {
			isa = XCConfigurationList;
			buildConfigurations = (
				910054292AB739EE004457E2 /* Debug */,
				9100542A2AB739EE004457E2 /* Release */,
			);
			defaultConfigurationIsVisible = 0;
			defaultConfigurationName = Release;
		};
		9100542B2AB739EE004457E2 /* Build configuration list for PBXNativeTarget "KalmAppFront" */ = {
			isa = XCConfigurationList;
			buildConfigurations = (
				9100542C2AB739EE004457E2 /* Debug */,
				9100542D2AB739EE004457E2 /* Release */,
			);
			defaultConfigurationIsVisible = 0;
			defaultConfigurationName = Release;
		};
/* End XCConfigurationList section */
	};
	rootObject = 910054152AB739ED004457E2 /* Project object */;
}
